// !$*UTF8*$!
{
	archiveVersion = 1;
	classes = {
	};
	objectVersion = 77;
	objects = {

/* Begin PBXBuildFile section */
		10BB5BA2697E75F5C92A0868 /* SidebarView.swift in Sources */ = {isa = PBXBuildFile; fileRef = 3A1479088579DC6E2A293A68 /* SidebarView.swift */; };
		15251D9BC4DF543DCD8A403E /* PermissionView.swift in Sources */ = {isa = PBXBuildFile; fileRef = BC661B5A58FE8B57EF1C939C /* PermissionView.swift */; };
		171CB18E3F33997A33D09624 /* HomeView.swift in Sources */ = {isa = PBXBuildFile; fileRef = 519973CA3556535EDD116B2C /* HomeView.swift */; };
		179E822D590C3A03BCF4132C /* Cleaner.swift in Sources */ = {isa = PBXBuildFile; fileRef = 8B132021AA2508B2000D6D63 /* Cleaner.swift */; };
		1BF633E6145E7F8438492DAF /* UninstallerService.swift in Sources */ = {isa = PBXBuildFile; fileRef = 3910672BE6DD40B3BC79BCD2 /* UninstallerService.swift */; };
		1D6A04FACE24BC65DB42E6BE /* Assets.xcassets in Resources */ = {isa = PBXBuildFile; fileRef = 4A0A95590228EC533FD37160 /* Assets.xcassets */; };
		216C011D736EB3C976E28957 /* ClipboardMonitor.swift in Sources */ = {isa = PBXBuildFile; fileRef = FA3CBD4C77F83A3FBD2A5741 /* ClipboardMonitor.swift */; };
		2CD6BD854BCDA0E493C97ABC /* LargeFilesView.swift in Sources */ = {isa = PBXBuildFile; fileRef = D5DCE02A3AFD020C36EFFF76 /* LargeFilesView.swift */; };
		3869FF6969D2F5E7A44FDD87 /* ArtifactTableView.swift in Sources */ = {isa = PBXBuildFile; fileRef = 44805A604CACFED574E48F5C /* ArtifactTableView.swift */; };
		395E0E34B6F653070228E303 /* UninstallView.swift in Sources */ = {isa = PBXBuildFile; fileRef = 184DA560673D572637A24E64 /* UninstallView.swift */; };
		41AA7E6D8BDB4A6438B2776C /* ClipboardHistoryView.swift in Sources */ = {isa = PBXBuildFile; fileRef = BCA21C6DF18A5F4914577A05 /* ClipboardHistoryView.swift */; };
		4CF6E5A0E538D5932ADFBD84 /* ClipboardViewModel.swift in Sources */ = {isa = PBXBuildFile; fileRef = 8669187F5AE68DE7119775DC /* ClipboardViewModel.swift */; };
		4DE61E3589D07E845CBC2FF3 /* Models.swift in Sources */ = {isa = PBXBuildFile; fileRef = CA9E35C7D8B82601564C5468 /* Models.swift */; };
		55D09845383469CB506D3E85 /* ContentView.swift in Sources */ = {isa = PBXBuildFile; fileRef = 13997B35568795BEA3BF3A64 /* ContentView.swift */; };
		5B7456DF848FC407E1B1C316 /* ClipboardPanelController.swift in Sources */ = {isa = PBXBuildFile; fileRef = DEBFF35EE02467C83ED9553C /* ClipboardPanelController.swift */; };
		5DF8AD876142B74059E46536 /* PasteService.swift in Sources */ = {isa = PBXBuildFile; fileRef = 938603F095D5C03621C2C879 /* PasteService.swift */; };
		629F8B98ECF1850CAF10B28F /* AboutView.swift in Sources */ = {isa = PBXBuildFile; fileRef = F50E79083A48396AD0651E87 /* AboutView.swift */; };
		6E46C6C1ECAB866E03951C47 /* CleanDiskView.swift in Sources */ = {isa = PBXBuildFile; fileRef = F3744B2045F435E67C8C39B9 /* CleanDiskView.swift */; };
		7BA19101C45ED46BA88C75C2 /* MenuBarController.swift in Sources */ = {isa = PBXBuildFile; fileRef = 5A993B1ADB912A796AE468D9 /* MenuBarController.swift */; };
		8261125933A50008A2E302C7 /* Style.swift in Sources */ = {isa = PBXBuildFile; fileRef = 7BCCBE4E7BC381BBBE85076E /* Style.swift */; };
		82E93883DEBED57BE062E2C0 /* Scanner.swift in Sources */ = {isa = PBXBuildFile; fileRef = 0BB4842D79D5443DE4383C38 /* Scanner.swift */; };
		86F8FF339B20317441EBBA6D /* DisplaysViewModel.swift in Sources */ = {isa = PBXBuildFile; fileRef = 869943FA6706D69B21CE1402 /* DisplaysViewModel.swift */; };
		879BF88DEA1C98DBB92D6264 /* Sparkle in Frameworks */ = {isa = PBXBuildFile; productRef = 84D76118D8D7A26DB9A6EDE1 /* Sparkle */; };
		91D5705DF41581EA40B80285 /* LargeFilesService.swift in Sources */ = {isa = PBXBuildFile; fileRef = 30AE1414B4AC514340366221 /* LargeFilesService.swift */; };
		96742BBF577C2662A06127C9 /* AppViewModel.swift in Sources */ = {isa = PBXBuildFile; fileRef = 0CE374CA5CC2E8CA8FE9BB73 /* AppViewModel.swift */; };
		997224C7A3D07647C2EBC8C5 /* SnapshotSection.swift in Sources */ = {isa = PBXBuildFile; fileRef = 3554E40130351545D52C837D /* SnapshotSection.swift */; };
		9BACF5E03C14B194CB3FDA58 /* KeyboardShortcuts in Frameworks */ = {isa = PBXBuildFile; productRef = 325D204C31C3D5AAF952C5D9 /* KeyboardShortcuts */; };
		9DD6BA1E28BA04A198D47BD5 /* ClipboardItem.swift in Sources */ = {isa = PBXBuildFile; fileRef = 0E43375821CBBE9DA578E345 /* ClipboardItem.swift */; };
		9FB7AC07F1831FD94F649E30 /* CleanMacOSApp.swift in Sources */ = {isa = PBXBuildFile; fileRef = E7CB583C51545CB2D5649473 /* CleanMacOSApp.swift */; };
		ADB833098DB19DD1D86A7454 /* DockerService.swift in Sources */ = {isa = PBXBuildFile; fileRef = 90B7181574359261F04305FF /* DockerService.swift */; };
		B10E97CB352C07091C8C5EEA /* DisplaysView.swift in Sources */ = {isa = PBXBuildFile; fileRef = ED308EBDE68AC23F9837A5B5 /* DisplaysView.swift */; };
		B8B567AEC135583DD0A7F5CC /* DisplayArrangement.swift in Sources */ = {isa = PBXBuildFile; fileRef = 610BB2E5437843457F99F69F /* DisplayArrangement.swift */; };
		B94D5E73B6A99CD323DB3DA8 /* GlobalShortcuts.swift in Sources */ = {isa = PBXBuildFile; fileRef = E1FC8128FEE8FEEE7743FF7B /* GlobalShortcuts.swift */; };
		BC3CC10E02C22920507972BB /* UpdaterViewModel.swift in Sources */ = {isa = PBXBuildFile; fileRef = 6961B68D8844C43ABA231FF8 /* UpdaterViewModel.swift */; };
		D27E79EC1251B3A7506D22C4 /* DashboardView.swift in Sources */ = {isa = PBXBuildFile; fileRef = F65E738A5F0EF1106FF98BA1 /* DashboardView.swift */; };
		D40AB6773397246222493362 /* ClipboardStore.swift in Sources */ = {isa = PBXBuildFile; fileRef = 4BDB8F98BBA9CA360C581E8E /* ClipboardStore.swift */; };
		D88B4E695DB8B335B73DD84C /* DisplayModels.swift in Sources */ = {isa = PBXBuildFile; fileRef = 86A59D9525758B79812B76C7 /* DisplayModels.swift */; };
		DF5BB4CFC044C4495AE40D9B /* ClipboardPanelView.swift in Sources */ = {isa = PBXBuildFile; fileRef = 100DBFE54165F72538F16CF5 /* ClipboardPanelView.swift */; };
		EB2804A3FF935E9CF1A4AE3F /* SystemMonitor.swift in Sources */ = {isa = PBXBuildFile; fileRef = 146D7CD67B5D337110ABE8C9 /* SystemMonitor.swift */; };
		F25497E5A5FCBDEB50858F3C /* SettingsView.swift in Sources */ = {isa = PBXBuildFile; fileRef = 185CCDDE3D43CD6FEF6FDA72 /* SettingsView.swift */; };
		F27D29FB6807060B945F8EC4 /* ClipboardSettings.swift in Sources */ = {isa = PBXBuildFile; fileRef = 586232A2D65D100703262AB1 /* ClipboardSettings.swift */; };
		F9C7FD9F9683F092A83E0ABE /* DisplayService.swift in Sources */ = {isa = PBXBuildFile; fileRef = 9832301F93D2207402FD0D3F /* DisplayService.swift */; };
		FABD8B68B191996B3BAEB7E5 /* MenuBarView.swift in Sources */ = {isa = PBXBuildFile; fileRef = FAAA08ABC4C4FD3834BA928F /* MenuBarView.swift */; };
/* End PBXBuildFile section */

/* Begin PBXFileReference section */
		0BB4842D79D5443DE4383C38 /* Scanner.swift */ = {isa = PBXFileReference; lastKnownFileType = sourcecode.swift; path = Scanner.swift; sourceTree = "<group>"; };
		0CE374CA5CC2E8CA8FE9BB73 /* AppViewModel.swift */ = {isa = PBXFileReference; lastKnownFileType = sourcecode.swift; path = AppViewModel.swift; sourceTree = "<group>"; };
		0E43375821CBBE9DA578E345 /* ClipboardItem.swift */ = {isa = PBXFileReference; lastKnownFileType = sourcecode.swift; path = ClipboardItem.swift; sourceTree = "<group>"; };
		100DBFE54165F72538F16CF5 /* ClipboardPanelView.swift */ = {isa = PBXFileReference; lastKnownFileType = sourcecode.swift; path = ClipboardPanelView.swift; sourceTree = "<group>"; };
		13997B35568795BEA3BF3A64 /* ContentView.swift */ = {isa = PBXFileReference; lastKnownFileType = sourcecode.swift; path = ContentView.swift; sourceTree = "<group>"; };
		146D7CD67B5D337110ABE8C9 /* SystemMonitor.swift */ = {isa = PBXFileReference; lastKnownFileType = sourcecode.swift; path = SystemMonitor.swift; sourceTree = "<group>"; };
		184DA560673D572637A24E64 /* UninstallView.swift */ = {isa = PBXFileReference; lastKnownFileType = sourcecode.swift; path = UninstallView.swift; sourceTree = "<group>"; };
		185CCDDE3D43CD6FEF6FDA72 /* SettingsView.swift */ = {isa = PBXFileReference; lastKnownFileType = sourcecode.swift; path = SettingsView.swift; sourceTree = "<group>"; };
		30AE1414B4AC514340366221 /* LargeFilesService.swift */ = {isa = PBXFileReference; lastKnownFileType = sourcecode.swift; path = LargeFilesService.swift; sourceTree = "<group>"; };
		3554E40130351545D52C837D /* SnapshotSection.swift */ = {isa = PBXFileReference; lastKnownFileType = sourcecode.swift; path = SnapshotSection.swift; sourceTree = "<group>"; };
		3910672BE6DD40B3BC79BCD2 /* UninstallerService.swift */ = {isa = PBXFileReference; lastKnownFileType = sourcecode.swift; path = UninstallerService.swift; sourceTree = "<group>"; };
		3A1479088579DC6E2A293A68 /* SidebarView.swift */ = {isa = PBXFileReference; lastKnownFileType = sourcecode.swift; path = SidebarView.swift; sourceTree = "<group>"; };
		44805A604CACFED574E48F5C /* ArtifactTableView.swift */ = {isa = PBXFileReference; lastKnownFileType = sourcecode.swift; path = ArtifactTableView.swift; sourceTree = "<group>"; };
		4A0A95590228EC533FD37160 /* Assets.xcassets */ = {isa = PBXFileReference; lastKnownFileType = folder.assetcatalog; path = Assets.xcassets; sourceTree = "<group>"; };
		4BDB8F98BBA9CA360C581E8E /* ClipboardStore.swift */ = {isa = PBXFileReference; lastKnownFileType = sourcecode.swift; path = ClipboardStore.swift; sourceTree = "<group>"; };
		519973CA3556535EDD116B2C /* HomeView.swift */ = {isa = PBXFileReference; lastKnownFileType = sourcecode.swift; path = HomeView.swift; sourceTree = "<group>"; };
		586232A2D65D100703262AB1 /* ClipboardSettings.swift */ = {isa = PBXFileReference; lastKnownFileType = sourcecode.swift; path = ClipboardSettings.swift; sourceTree = "<group>"; };
		5A993B1ADB912A796AE468D9 /* MenuBarController.swift */ = {isa = PBXFileReference; lastKnownFileType = sourcecode.swift; path = MenuBarController.swift; sourceTree = "<group>"; };
		610BB2E5437843457F99F69F /* DisplayArrangement.swift */ = {isa = PBXFileReference; lastKnownFileType = sourcecode.swift; path = DisplayArrangement.swift; sourceTree = "<group>"; };
		6961B68D8844C43ABA231FF8 /* UpdaterViewModel.swift */ = {isa = PBXFileReference; lastKnownFileType = sourcecode.swift; path = UpdaterViewModel.swift; sourceTree = "<group>"; };
		7BCCBE4E7BC381BBBE85076E /* Style.swift */ = {isa = PBXFileReference; lastKnownFileType = sourcecode.swift; path = Style.swift; sourceTree = "<group>"; };
		8669187F5AE68DE7119775DC /* ClipboardViewModel.swift */ = {isa = PBXFileReference; lastKnownFileType = sourcecode.swift; path = ClipboardViewModel.swift; sourceTree = "<group>"; };
		869943FA6706D69B21CE1402 /* DisplaysViewModel.swift */ = {isa = PBXFileReference; lastKnownFileType = sourcecode.swift; path = DisplaysViewModel.swift; sourceTree = "<group>"; };
		86A59D9525758B79812B76C7 /* DisplayModels.swift */ = {isa = PBXFileReference; lastKnownFileType = sourcecode.swift; path = DisplayModels.swift; sourceTree = "<group>"; };
		8B132021AA2508B2000D6D63 /* Cleaner.swift */ = {isa = PBXFileReference; lastKnownFileType = sourcecode.swift; path = Cleaner.swift; sourceTree = "<group>"; };
		90B7181574359261F04305FF /* DockerService.swift */ = {isa = PBXFileReference; lastKnownFileType = sourcecode.swift; path = DockerService.swift; sourceTree = "<group>"; };
		938603F095D5C03621C2C879 /* PasteService.swift */ = {isa = PBXFileReference; lastKnownFileType = sourcecode.swift; path = PasteService.swift; sourceTree = "<group>"; };
		9832301F93D2207402FD0D3F /* DisplayService.swift */ = {isa = PBXFileReference; lastKnownFileType = sourcecode.swift; path = DisplayService.swift; sourceTree = "<group>"; };
		AEF83F7B546B77C747BCA698 /* CleanMacOS.app */ = {isa = PBXFileReference; explicitFileType = wrapper.application; includeInIndex = 0; path = CleanMacOS.app; sourceTree = BUILT_PRODUCTS_DIR; };
		BC661B5A58FE8B57EF1C939C /* PermissionView.swift */ = {isa = PBXFileReference; lastKnownFileType = sourcecode.swift; path = PermissionView.swift; sourceTree = "<group>"; };
		BCA21C6DF18A5F4914577A05 /* ClipboardHistoryView.swift */ = {isa = PBXFileReference; lastKnownFileType = sourcecode.swift; path = ClipboardHistoryView.swift; sourceTree = "<group>"; };
		CA9E35C7D8B82601564C5468 /* Models.swift */ = {isa = PBXFileReference; lastKnownFileType = sourcecode.swift; path = Models.swift; sourceTree = "<group>"; };
		D5DCE02A3AFD020C36EFFF76 /* LargeFilesView.swift */ = {isa = PBXFileReference; lastKnownFileType = sourcecode.swift; path = LargeFilesView.swift; sourceTree = "<group>"; };
		DEBFF35EE02467C83ED9553C /* ClipboardPanelController.swift */ = {isa = PBXFileReference; lastKnownFileType = sourcecode.swift; path = ClipboardPanelController.swift; sourceTree = "<group>"; };
		E1FC8128FEE8FEEE7743FF7B /* GlobalShortcuts.swift */ = {isa = PBXFileReference; lastKnownFileType = sourcecode.swift; path = GlobalShortcuts.swift; sourceTree = "<group>"; };
		E7CB583C51545CB2D5649473 /* CleanMacOSApp.swift */ = {isa = PBXFileReference; lastKnownFileType = sourcecode.swift; path = CleanMacOSApp.swift; sourceTree = "<group>"; };
		ED308EBDE68AC23F9837A5B5 /* DisplaysView.swift */ = {isa = PBXFileReference; lastKnownFileType = sourcecode.swift; path = DisplaysView.swift; sourceTree = "<group>"; };
		F3744B2045F435E67C8C39B9 /* CleanDiskView.swift */ = {isa = PBXFileReference; lastKnownFileType = sourcecode.swift; path = CleanDiskView.swift; sourceTree = "<group>"; };
		F50E79083A48396AD0651E87 /* AboutView.swift */ = {isa = PBXFileReference; lastKnownFileType = sourcecode.swift; path = AboutView.swift; sourceTree = "<group>"; };
		F65E738A5F0EF1106FF98BA1 /* DashboardView.swift */ = {isa = PBXFileReference; lastKnownFileType = sourcecode.swift; path = DashboardView.swift; sourceTree = "<group>"; };
		FA3CBD4C77F83A3FBD2A5741 /* ClipboardMonitor.swift */ = {isa = PBXFileReference; lastKnownFileType = sourcecode.swift; path = ClipboardMonitor.swift; sourceTree = "<group>"; };
		FAAA08ABC4C4FD3834BA928F /* MenuBarView.swift */ = {isa = PBXFileReference; lastKnownFileType = sourcecode.swift; path = MenuBarView.swift; sourceTree = "<group>"; };
/* End PBXFileReference section */

/* Begin PBXFrameworksBuildPhase section */
		10380C73B4BE56517D84B9DC /* Frameworks */ = {
			isa = PBXFrameworksBuildPhase;
			buildActionMask = 2147483647;
			files = (
				879BF88DEA1C98DBB92D6264 /* Sparkle in Frameworks */,
				9BACF5E03C14B194CB3FDA58 /* KeyboardShortcuts in Frameworks */,
			);
			runOnlyForDeploymentPostprocessing = 0;
		};
/* End PBXFrameworksBuildPhase section */

/* Begin PBXGroup section */
		51F124002EDB5F5950CF26E4 /* Products */ = {
			isa = PBXGroup;
			children = (
				AEF83F7B546B77C747BCA698 /* CleanMacOS.app */,
			);
			name = Products;
			sourceTree = "<group>";
		};
		5B2F1140177E01602353B9C0 /* Sources */ = {
			isa = PBXGroup;
			children = (
				F50E79083A48396AD0651E87 /* AboutView.swift */,
				0CE374CA5CC2E8CA8FE9BB73 /* AppViewModel.swift */,
				44805A604CACFED574E48F5C /* ArtifactTableView.swift */,
				4A0A95590228EC533FD37160 /* Assets.xcassets */,
				F3744B2045F435E67C8C39B9 /* CleanDiskView.swift */,
				8B132021AA2508B2000D6D63 /* Cleaner.swift */,
				E7CB583C51545CB2D5649473 /* CleanMacOSApp.swift */,
				BCA21C6DF18A5F4914577A05 /* ClipboardHistoryView.swift */,
				0E43375821CBBE9DA578E345 /* ClipboardItem.swift */,
				FA3CBD4C77F83A3FBD2A5741 /* ClipboardMonitor.swift */,
				DEBFF35EE02467C83ED9553C /* ClipboardPanelController.swift */,
				100DBFE54165F72538F16CF5 /* ClipboardPanelView.swift */,
				586232A2D65D100703262AB1 /* ClipboardSettings.swift */,
				4BDB8F98BBA9CA360C581E8E /* ClipboardStore.swift */,
				8669187F5AE68DE7119775DC /* ClipboardViewModel.swift */,
				13997B35568795BEA3BF3A64 /* ContentView.swift */,
				F65E738A5F0EF1106FF98BA1 /* DashboardView.swift */,
				610BB2E5437843457F99F69F /* DisplayArrangement.swift */,
				86A59D9525758B79812B76C7 /* DisplayModels.swift */,
				9832301F93D2207402FD0D3F /* DisplayService.swift */,
				ED308EBDE68AC23F9837A5B5 /* DisplaysView.swift */,
				869943FA6706D69B21CE1402 /* DisplaysViewModel.swift */,
				90B7181574359261F04305FF /* DockerService.swift */,
				E1FC8128FEE8FEEE7743FF7B /* GlobalShortcuts.swift */,
				519973CA3556535EDD116B2C /* HomeView.swift */,
				30AE1414B4AC514340366221 /* LargeFilesService.swift */,
				D5DCE02A3AFD020C36EFFF76 /* LargeFilesView.swift */,
				5A993B1ADB912A796AE468D9 /* MenuBarController.swift */,
				FAAA08ABC4C4FD3834BA928F /* MenuBarView.swift */,
				CA9E35C7D8B82601564C5468 /* Models.swift */,
				938603F095D5C03621C2C879 /* PasteService.swift */,
				BC661B5A58FE8B57EF1C939C /* PermissionView.swift */,
				0BB4842D79D5443DE4383C38 /* Scanner.swift */,
				185CCDDE3D43CD6FEF6FDA72 /* SettingsView.swift */,
				3A1479088579DC6E2A293A68 /* SidebarView.swift */,
				3554E40130351545D52C837D /* SnapshotSection.swift */,
				7BCCBE4E7BC381BBBE85076E /* Style.swift */,
				146D7CD67B5D337110ABE8C9 /* SystemMonitor.swift */,
				3910672BE6DD40B3BC79BCD2 /* UninstallerService.swift */,
				184DA560673D572637A24E64 /* UninstallView.swift */,
				6961B68D8844C43ABA231FF8 /* UpdaterViewModel.swift */,
			);
			path = Sources;
			sourceTree = "<group>";
		};
		6D596C009A804A5132EDB6C8 = {
			isa = PBXGroup;
			children = (
				5B2F1140177E01602353B9C0 /* Sources */,
				51F124002EDB5F5950CF26E4 /* Products */,
			);
			sourceTree = "<group>";
		};
/* End PBXGroup section */

/* Begin PBXNativeTarget section */
		C42A7C44813CACE30DEAC500 /* CleanMacOS */ = {
			isa = PBXNativeTarget;
			buildConfigurationList = E1956FF384BAE6D2E383CC5E /* Build configuration list for PBXNativeTarget "CleanMacOS" */;
			buildPhases = (
				A5E98FCFB08CD558FDDA15D9 /* Sources */,
				882D271F9709A70C7C10B79D /* Resources */,
				10380C73B4BE56517D84B9DC /* Frameworks */,
			);
			buildRules = (
			);
			dependencies = (
			);
			name = CleanMacOS;
			packageProductDependencies = (
				84D76118D8D7A26DB9A6EDE1 /* Sparkle */,
				325D204C31C3D5AAF952C5D9 /* KeyboardShortcuts */,
			);
			productName = CleanMacOS;
			productReference = AEF83F7B546B77C747BCA698 /* CleanMacOS.app */;
			productType = "com.apple.product-type.application";
		};
/* End PBXNativeTarget section */

/* Begin PBXProject section */
		D0DBB501438342C875F7BEC0 /* Project object */ = {
			isa = PBXProject;
			attributes = {
				BuildIndependentTargetsInParallel = YES;
				LastUpgradeCheck = 1600;
				TargetAttributes = {
				};
			};
			buildConfigurationList = 163B8E642F36338DB1056EA5 /* Build configuration list for PBXProject "CleanMacOS" */;
			developmentRegion = en;
			hasScannedForEncodings = 0;
			knownRegions = (
				Base,
				en,
			);
			mainGroup = 6D596C009A804A5132EDB6C8;
			minimizedProjectReferenceProxies = 1;
			packageReferences = (
				1DD17D86CF92DCCA80D5879E /* XCRemoteSwiftPackageReference "KeyboardShortcuts" */,
				1CD51A1BAE8AEE831B8ED243 /* XCRemoteSwiftPackageReference "Sparkle" */,
			);
			preferredProjectObjectVersion = 77;
			productRefGroup = 51F124002EDB5F5950CF26E4 /* Products */;
			projectDirPath = "";
			projectRoot = "";
			targets = (
				C42A7C44813CACE30DEAC500 /* CleanMacOS */,
			);
		};
/* End PBXProject section */

/* Begin PBXResourcesBuildPhase section */
		882D271F9709A70C7C10B79D /* Resources */ = {
			isa = PBXResourcesBuildPhase;
			buildActionMask = 2147483647;
			files = (
				1D6A04FACE24BC65DB42E6BE /* Assets.xcassets in Resources */,
			);
			runOnlyForDeploymentPostprocessing = 0;
		};
/* End PBXResourcesBuildPhase section */

/* Begin PBXSourcesBuildPhase section */
		A5E98FCFB08CD558FDDA15D9 /* Sources */ = {
			isa = PBXSourcesBuildPhase;
			buildActionMask = 2147483647;
			files = (
				629F8B98ECF1850CAF10B28F /* AboutView.swift in Sources */,
				96742BBF577C2662A06127C9 /* AppViewModel.swift in Sources */,
				3869FF6969D2F5E7A44FDD87 /* ArtifactTableView.swift in Sources */,
				6E46C6C1ECAB866E03951C47 /* CleanDiskView.swift in Sources */,
				9FB7AC07F1831FD94F649E30 /* CleanMacOSApp.swift in Sources */,
				179E822D590C3A03BCF4132C /* Cleaner.swift in Sources */,
				41AA7E6D8BDB4A6438B2776C /* ClipboardHistoryView.swift in Sources */,
				9DD6BA1E28BA04A198D47BD5 /* ClipboardItem.swift in Sources */,
				216C011D736EB3C976E28957 /* ClipboardMonitor.swift in Sources */,
				5B7456DF848FC407E1B1C316 /* ClipboardPanelController.swift in Sources */,
				DF5BB4CFC044C4495AE40D9B /* ClipboardPanelView.swift in Sources */,
				F27D29FB6807060B945F8EC4 /* ClipboardSettings.swift in Sources */,
				D40AB6773397246222493362 /* ClipboardStore.swift in Sources */,
				4CF6E5A0E538D5932ADFBD84 /* ClipboardViewModel.swift in Sources */,
				55D09845383469CB506D3E85 /* ContentView.swift in Sources */,
				D27E79EC1251B3A7506D22C4 /* DashboardView.swift in Sources */,
				B8B567AEC135583DD0A7F5CC /* DisplayArrangement.swift in Sources */,
				D88B4E695DB8B335B73DD84C /* DisplayModels.swift in Sources */,
				F9C7FD9F9683F092A83E0ABE /* DisplayService.swift in Sources */,
				B10E97CB352C07091C8C5EEA /* DisplaysView.swift in Sources */,
				86F8FF339B20317441EBBA6D /* DisplaysViewModel.swift in Sources */,
				ADB833098DB19DD1D86A7454 /* DockerService.swift in Sources */,
				B94D5E73B6A99CD323DB3DA8 /* GlobalShortcuts.swift in Sources */,
				171CB18E3F33997A33D09624 /* HomeView.swift in Sources */,
				91D5705DF41581EA40B80285 /* LargeFilesService.swift in Sources */,
				2CD6BD854BCDA0E493C97ABC /* LargeFilesView.swift in Sources */,
				7BA19101C45ED46BA88C75C2 /* MenuBarController.swift in Sources */,
				FABD8B68B191996B3BAEB7E5 /* MenuBarView.swift in Sources */,
				4DE61E3589D07E845CBC2FF3 /* Models.swift in Sources */,
				5DF8AD876142B74059E46536 /* PasteService.swift in Sources */,
				15251D9BC4DF543DCD8A403E /* PermissionView.swift in Sources */,
				82E93883DEBED57BE062E2C0 /* Scanner.swift in Sources */,
				F25497E5A5FCBDEB50858F3C /* SettingsView.swift in Sources */,
				10BB5BA2697E75F5C92A0868 /* SidebarView.swift in Sources */,
				997224C7A3D07647C2EBC8C5 /* SnapshotSection.swift in Sources */,
				8261125933A50008A2E302C7 /* Style.swift in Sources */,
				EB2804A3FF935E9CF1A4AE3F /* SystemMonitor.swift in Sources */,
				395E0E34B6F653070228E303 /* UninstallView.swift in Sources */,
				1BF633E6145E7F8438492DAF /* UninstallerService.swift in Sources */,
				BC3CC10E02C22920507972BB /* UpdaterViewModel.swift in Sources */,
			);
			runOnlyForDeploymentPostprocessing = 0;
		};
/* End PBXSourcesBuildPhase section */

/* Begin XCBuildConfiguration section */
		1133FADC7F8C8254F413B545 /* Release */ = {
			isa = XCBuildConfiguration;
			buildSettings = {
				ASSETCATALOG_COMPILER_APPICON_NAME = AppIcon;
				COMBINE_HIDPI_IMAGES = YES;
				CURRENT_PROJECT_VERSION = 8;
				INFOPLIST_FILE = Info.plist;
				LD_RUNPATH_SEARCH_PATHS = (
					"$(inherited)",
					"@executable_path/../Frameworks",
				);
				MARKETING_VERSION = 1.0.7;
				PRODUCT_BUNDLE_IDENTIFIER = click.ngoctruong.CleanMacOS;
				SDKROOT = macosx;
				SWIFT_VERSION = 5.9;
			};
			name = Release;
		};
		12EF25293F45348F0F97B2F5 /* Release */ = {
			isa = XCBuildConfiguration;
			buildSettings = {
				ALWAYS_SEARCH_USER_PATHS = NO;
				CLANG_ANALYZER_NONNULL = YES;
				CLANG_ANALYZER_NUMBER_OBJECT_CONVERSION = YES_AGGRESSIVE;
				CLANG_CXX_LANGUAGE_STANDARD = "gnu++14";
				CLANG_CXX_LIBRARY = "libc++";
				CLANG_ENABLE_MODULES = YES;
				CLANG_ENABLE_OBJC_ARC = YES;
				CLANG_ENABLE_OBJC_WEAK = YES;
				CLANG_WARN_BLOCK_CAPTURE_AUTORELEASING = YES;
				CLANG_WARN_BOOL_CONVERSION = YES;
				CLANG_WARN_COMMA = YES;
				CLANG_WARN_CONSTANT_CONVERSION = YES;
				CLANG_WARN_DEPRECATED_OBJC_IMPLEMENTATIONS = YES;
				CLANG_WARN_DIRECT_OBJC_ISA_USAGE = YES_ERROR;
				CLANG_WARN_DOCUMENTATION_COMMENTS = YES;
				CLANG_WARN_EMPTY_BODY = YES;
				CLANG_WARN_ENUM_CONVERSION = YES;
				CLANG_WARN_INFINITE_RECURSION = YES;
				CLANG_WARN_INT_CONVERSION = YES;
				CLANG_WARN_NON_LITERAL_NULL_CONVERSION = YES;
				CLANG_WARN_OBJC_IMPLICIT_RETAIN_SELF = YES;
				CLANG_WARN_OBJC_LITERAL_CONVERSION = YES;
				CLANG_WARN_OBJC_ROOT_CLASS = YES_ERROR;
				CLANG_WARN_QUOTED_INCLUDE_IN_FRAMEWORK_HEADER = YES;
				CLANG_WARN_RANGE_LOOP_ANALYSIS = YES;
				CLANG_WARN_STRICT_PROTOTYPES = YES;
				CLANG_WARN_SUSPICIOUS_MOVE = YES;
				CLANG_WARN_UNGUARDED_AVAILABILITY = YES_AGGRESSIVE;
				CLANG_WARN_UNREACHABLE_CODE = YES;
				CLANG_WARN__DUPLICATE_METHOD_MATCH = YES;
				COPY_PHASE_STRIP = NO;
				DEBUG_INFORMATION_FORMAT = "dwarf-with-dsym";
				ENABLE_NS_ASSERTIONS = NO;
				ENABLE_STRICT_OBJC_MSGSEND = YES;
				GCC_C_LANGUAGE_STANDARD = gnu11;
				GCC_NO_COMMON_BLOCKS = YES;
				GCC_WARN_64_TO_32_BIT_CONVERSION = YES;
				GCC_WARN_ABOUT_RETURN_TYPE = YES_ERROR;
				GCC_WARN_UNDECLARED_SELECTOR = YES;
				GCC_WARN_UNINITIALIZED_AUTOS = YES_AGGRESSIVE;
				GCC_WARN_UNUSED_FUNCTION = YES;
				GCC_WARN_UNUSED_VARIABLE = YES;
				MACOSX_DEPLOYMENT_TARGET = 14.0;
				MTL_ENABLE_DEBUG_INFO = NO;
				MTL_FAST_MATH = YES;
				PRODUCT_NAME = "$(TARGET_NAME)";
				SDKROOT = macosx;
				SWIFT_COMPILATION_MODE = wholemodule;
				SWIFT_OPTIMIZATION_LEVEL = "-O";
				SWIFT_VERSION = 5.0;
			};
			name = Release;
		};
		34D73C70C21EA8E068A5E459 /* Debug */ = {
			isa = XCBuildConfiguration;
			buildSettings = {
				ASSETCATALOG_COMPILER_APPICON_NAME = AppIcon;
				COMBINE_HIDPI_IMAGES = YES;
				CURRENT_PROJECT_VERSION = 8;
				INFOPLIST_FILE = Info.plist;
				LD_RUNPATH_SEARCH_PATHS = (
					"$(inherited)",
					"@executable_path/../Frameworks",
				);
				MARKETING_VERSION = 1.0.7;
				PRODUCT_BUNDLE_IDENTIFIER = click.ngoctruong.CleanMacOS;
				SDKROOT = macosx;
				SWIFT_VERSION = 5.9;
			};
			name = Debug;
		};
		5C09219B368A617B520B49B6 /* Debug */ = {
			isa = XCBuildConfiguration;
			buildSettings = {
				ALWAYS_SEARCH_USER_PATHS = NO;
				CLANG_ANALYZER_NONNULL = YES;
				CLANG_ANALYZER_NUMBER_OBJECT_CONVERSION = YES_AGGRESSIVE;
				CLANG_CXX_LANGUAGE_STANDARD = "gnu++14";
				CLANG_CXX_LIBRARY = "libc++";
				CLANG_ENABLE_MODULES = YES;
				CLANG_ENABLE_OBJC_ARC = YES;
				CLANG_ENABLE_OBJC_WEAK = YES;
				CLANG_WARN_BLOCK_CAPTURE_AUTORELEASING = YES;
				CLANG_WARN_BOOL_CONVERSION = YES;
				CLANG_WARN_COMMA = YES;
				CLANG_WARN_CONSTANT_CONVERSION = YES;
				CLANG_WARN_DEPRECATED_OBJC_IMPLEMENTATIONS = YES;
				CLANG_WARN_DIRECT_OBJC_ISA_USAGE = YES_ERROR;
				CLANG_WARN_DOCUMENTATION_COMMENTS = YES;
				CLANG_WARN_EMPTY_BODY = YES;
				CLANG_WARN_ENUM_CONVERSION = YES;
				CLANG_WARN_INFINITE_RECURSION = YES;
				CLANG_WARN_INT_CONVERSION = YES;
				CLANG_WARN_NON_LITERAL_NULL_CONVERSION = YES;
				CLANG_WARN_OBJC_IMPLICIT_RETAIN_SELF = YES;
				CLANG_WARN_OBJC_LITERAL_CONVERSION = YES;
				CLANG_WARN_OBJC_ROOT_CLASS = YES_ERROR;
				CLANG_WARN_QUOTED_INCLUDE_IN_FRAMEWORK_HEADER = YES;
				CLANG_WARN_RANGE_LOOP_ANALYSIS = YES;
				CLANG_WARN_STRICT_PROTOTYPES = YES;
				CLANG_WARN_SUSPICIOUS_MOVE = YES;
				CLANG_WARN_UNGUARDED_AVAILABILITY = YES_AGGRESSIVE;
				CLANG_WARN_UNREACHABLE_CODE = YES;
				CLANG_WARN__DUPLICATE_METHOD_MATCH = YES;
				COPY_PHASE_STRIP = NO;
				DEBUG_INFORMATION_FORMAT = dwarf;
				ENABLE_STRICT_OBJC_MSGSEND = YES;
				ENABLE_TESTABILITY = YES;
				GCC_C_LANGUAGE_STANDARD = gnu11;
				GCC_DYNAMIC_NO_PIC = NO;
				GCC_NO_COMMON_BLOCKS = YES;
				GCC_OPTIMIZATION_LEVEL = 0;
				GCC_PREPROCESSOR_DEFINITIONS = (
					"$(inherited)",
					"DEBUG=1",
				);
				GCC_WARN_64_TO_32_BIT_CONVERSION = YES;
				GCC_WARN_ABOUT_RETURN_TYPE = YES_ERROR;
				GCC_WARN_UNDECLARED_SELECTOR = YES;
				GCC_WARN_UNINITIALIZED_AUTOS = YES_AGGRESSIVE;
				GCC_WARN_UNUSED_FUNCTION = YES;
				GCC_WARN_UNUSED_VARIABLE = YES;
				MACOSX_DEPLOYMENT_TARGET = 14.0;
				MTL_ENABLE_DEBUG_INFO = INCLUDE_SOURCE;
				MTL_FAST_MATH = YES;
				ONLY_ACTIVE_ARCH = YES;
				PRODUCT_NAME = "$(TARGET_NAME)";
				SDKROOT = macosx;
				SWIFT_ACTIVE_COMPILATION_CONDITIONS = DEBUG;
				SWIFT_OPTIMIZATION_LEVEL = "-Onone";
				SWIFT_VERSION = 5.0;
			};
			name = Debug;
		};
/* End XCBuildConfiguration section */

/* Begin XCConfigurationList section */
		163B8E642F36338DB1056EA5 /* Build configuration list for PBXProject "CleanMacOS" */ = {
			isa = XCConfigurationList;
			buildConfigurations = (
				5C09219B368A617B520B49B6 /* Debug */,
				12EF25293F45348F0F97B2F5 /* Release */,
			);
			defaultConfigurationIsVisible = 0;
			defaultConfigurationName = Debug;
		};
		E1956FF384BAE6D2E383CC5E /* Build configuration list for PBXNativeTarget "CleanMacOS" */ = {
			isa = XCConfigurationList;
			buildConfigurations = (
				34D73C70C21EA8E068A5E459 /* Debug */,
				1133FADC7F8C8254F413B545 /* Release */,
			);
			defaultConfigurationIsVisible = 0;
			defaultConfigurationName = Debug;
		};
/* End XCConfigurationList section */

/* Begin XCRemoteSwiftPackageReference section */
		1CD51A1BAE8AEE831B8ED243 /* XCRemoteSwiftPackageReference "Sparkle" */ = {
			isa = XCRemoteSwiftPackageReference;
			repositoryURL = "https://github.com/sparkle-project/Sparkle";
			requirement = {
				kind = upToNextMajorVersion;
				minimumVersion = 2.6.0;
			};
		};
		1DD17D86CF92DCCA80D5879E /* XCRemoteSwiftPackageReference "KeyboardShortcuts" */ = {
			isa = XCRemoteSwiftPackageReference;
			repositoryURL = "https://github.com/sindresorhus/KeyboardShortcuts";
			requirement = {
				kind = upToNextMajorVersion;
				minimumVersion = 2.0.0;
			};
		};
/* End XCRemoteSwiftPackageReference section */

/* Begin XCSwiftPackageProductDependency section */
		325D204C31C3D5AAF952C5D9 /* KeyboardShortcuts */ = {
			isa = XCSwiftPackageProductDependency;
			package = 1DD17D86CF92DCCA80D5879E /* XCRemoteSwiftPackageReference "KeyboardShortcuts" */;
			productName = KeyboardShortcuts;
		};
		84D76118D8D7A26DB9A6EDE1 /* Sparkle */ = {
			isa = XCSwiftPackageProductDependency;
			package = 1CD51A1BAE8AEE831B8ED243 /* XCRemoteSwiftPackageReference "Sparkle" */;
			productName = Sparkle;
		};
/* End XCSwiftPackageProductDependency section */
	};
	rootObject = D0DBB501438342C875F7BEC0 /* Project object */;
}
