// !$*UTF8*$!
{
	archiveVersion = 1;
	classes = {
	};
	objectVersion = 77;
	objects = {

/* Begin PBXBuildFile section */
		10BB5BA2697E75F5C92A0868 /* SidebarView.swift in Sources */ = {isa = PBXBuildFile; fileRef = 3A1479088579DC6E2A293A68 /* SidebarView.swift */; };
		179E822D590C3A03BCF4132C /* Cleaner.swift in Sources */ = {isa = PBXBuildFile; fileRef = 8B132021AA2508B2000D6D63 /* Cleaner.swift */; };
		3869FF6969D2F5E7A44FDD87 /* ArtifactTableView.swift in Sources */ = {isa = PBXBuildFile; fileRef = 44805A604CACFED574E48F5C /* ArtifactTableView.swift */; };
		4DE61E3589D07E845CBC2FF3 /* Models.swift in Sources */ = {isa = PBXBuildFile; fileRef = CA9E35C7D8B82601564C5468 /* Models.swift */; };
		55D09845383469CB506D3E85 /* ContentView.swift in Sources */ = {isa = PBXBuildFile; fileRef = 13997B35568795BEA3BF3A64 /* ContentView.swift */; };
		82E93883DEBED57BE062E2C0 /* Scanner.swift in Sources */ = {isa = PBXBuildFile; fileRef = 0BB4842D79D5443DE4383C38 /* Scanner.swift */; };
		96742BBF577C2662A06127C9 /* AppViewModel.swift in Sources */ = {isa = PBXBuildFile; fileRef = 0CE374CA5CC2E8CA8FE9BB73 /* AppViewModel.swift */; };
		997224C7A3D07647C2EBC8C5 /* SnapshotSection.swift in Sources */ = {isa = PBXBuildFile; fileRef = 3554E40130351545D52C837D /* SnapshotSection.swift */; };
		9FB7AC07F1831FD94F649E30 /* CleanMacOSApp.swift in Sources */ = {isa = PBXBuildFile; fileRef = E7CB583C51545CB2D5649473 /* CleanMacOSApp.swift */; };
		D27E79EC1251B3A7506D22C4 /* DashboardView.swift in Sources */ = {isa = PBXBuildFile; fileRef = F65E738A5F0EF1106FF98BA1 /* DashboardView.swift */; };
/* End PBXBuildFile section */

/* Begin PBXFileReference section */
		0BB4842D79D5443DE4383C38 /* Scanner.swift */ = {isa = PBXFileReference; lastKnownFileType = sourcecode.swift; path = Scanner.swift; sourceTree = "<group>"; };
		0CE374CA5CC2E8CA8FE9BB73 /* AppViewModel.swift */ = {isa = PBXFileReference; lastKnownFileType = sourcecode.swift; path = AppViewModel.swift; sourceTree = "<group>"; };
		13997B35568795BEA3BF3A64 /* ContentView.swift */ = {isa = PBXFileReference; lastKnownFileType = sourcecode.swift; path = ContentView.swift; sourceTree = "<group>"; };
		3554E40130351545D52C837D /* SnapshotSection.swift */ = {isa = PBXFileReference; lastKnownFileType = sourcecode.swift; path = SnapshotSection.swift; sourceTree = "<group>"; };
		3A1479088579DC6E2A293A68 /* SidebarView.swift */ = {isa = PBXFileReference; lastKnownFileType = sourcecode.swift; path = SidebarView.swift; sourceTree = "<group>"; };
		44805A604CACFED574E48F5C /* ArtifactTableView.swift */ = {isa = PBXFileReference; lastKnownFileType = sourcecode.swift; path = ArtifactTableView.swift; sourceTree = "<group>"; };
		8B132021AA2508B2000D6D63 /* Cleaner.swift */ = {isa = PBXFileReference; lastKnownFileType = sourcecode.swift; path = Cleaner.swift; sourceTree = "<group>"; };
		AEF83F7B546B77C747BCA698 /* CleanMacOS.app */ = {isa = PBXFileReference; explicitFileType = wrapper.application; includeInIndex = 0; path = CleanMacOS.app; sourceTree = BUILT_PRODUCTS_DIR; };
		CA9E35C7D8B82601564C5468 /* Models.swift */ = {isa = PBXFileReference; lastKnownFileType = sourcecode.swift; path = Models.swift; sourceTree = "<group>"; };
		E7CB583C51545CB2D5649473 /* CleanMacOSApp.swift */ = {isa = PBXFileReference; lastKnownFileType = sourcecode.swift; path = CleanMacOSApp.swift; sourceTree = "<group>"; };
		F65E738A5F0EF1106FF98BA1 /* DashboardView.swift */ = {isa = PBXFileReference; lastKnownFileType = sourcecode.swift; path = DashboardView.swift; sourceTree = "<group>"; };
/* End PBXFileReference section */

/* Begin PBXGroup section */
		51F124002EDB5F5950CF26E4 /* Products */ = {
			isa = PBXGroup;
			children = (
				AEF83F7B546B77C747BCA698 /* CleanMacOS.app */,
			);
			name = Products;
			sourceTree = "<group>";
		};
		5B2F1140177E01602353B9C0 /* Sources */ = {
			isa = PBXGroup;
			children = (
				0CE374CA5CC2E8CA8FE9BB73 /* AppViewModel.swift */,
				44805A604CACFED574E48F5C /* ArtifactTableView.swift */,
				8B132021AA2508B2000D6D63 /* Cleaner.swift */,
				E7CB583C51545CB2D5649473 /* CleanMacOSApp.swift */,
				13997B35568795BEA3BF3A64 /* ContentView.swift */,
				F65E738A5F0EF1106FF98BA1 /* DashboardView.swift */,
				CA9E35C7D8B82601564C5468 /* Models.swift */,
				0BB4842D79D5443DE4383C38 /* Scanner.swift */,
				3A1479088579DC6E2A293A68 /* SidebarView.swift */,
				3554E40130351545D52C837D /* SnapshotSection.swift */,
			);
			path = Sources;
			sourceTree = "<group>";
		};
		6D596C009A804A5132EDB6C8 = {
			isa = PBXGroup;
			children = (
				5B2F1140177E01602353B9C0 /* Sources */,
				51F124002EDB5F5950CF26E4 /* Products */,
			);
			sourceTree = "<group>";
		};
/* End PBXGroup section */

/* Begin PBXNativeTarget section */
		C42A7C44813CACE30DEAC500 /* CleanMacOS */ = {
			isa = PBXNativeTarget;
			buildConfigurationList = E1956FF384BAE6D2E383CC5E /* Build configuration list for PBXNativeTarget "CleanMacOS" */;
			buildPhases = (
				A5E98FCFB08CD558FDDA15D9 /* Sources */,
			);
			buildRules = (
			);
			dependencies = (
			);
			name = CleanMacOS;
			packageProductDependencies = (
			);
			productName = CleanMacOS;
			productReference = AEF83F7B546B77C747BCA698 /* CleanMacOS.app */;
			productType = "com.apple.product-type.application";
		};
/* End PBXNativeTarget section */

/* Begin PBXProject section */
		D0DBB501438342C875F7BEC0 /* Project object */ = {
			isa = PBXProject;
			attributes = {
				BuildIndependentTargetsInParallel = YES;
				LastUpgradeCheck = 1600;
				TargetAttributes = {
				};
			};
			buildConfigurationList = 163B8E642F36338DB1056EA5 /* Build configuration list for PBXProject "CleanMacOS" */;
			developmentRegion = en;
			hasScannedForEncodings = 0;
			knownRegions = (
				Base,
				en,
			);
			mainGroup = 6D596C009A804A5132EDB6C8;
			minimizedProjectReferenceProxies = 1;
			preferredProjectObjectVersion = 77;
			productRefGroup = 51F124002EDB5F5950CF26E4 /* Products */;
			projectDirPath = "";
			projectRoot = "";
			targets = (
				C42A7C44813CACE30DEAC500 /* CleanMacOS */,
			);
		};
/* End PBXProject section */

/* Begin PBXSourcesBuildPhase section */
		A5E98FCFB08CD558FDDA15D9 /* Sources */ = {
			isa = PBXSourcesBuildPhase;
			buildActionMask = 2147483647;
			files = (
				96742BBF577C2662A06127C9 /* AppViewModel.swift in Sources */,
				3869FF6969D2F5E7A44FDD87 /* ArtifactTableView.swift in Sources */,
				9FB7AC07F1831FD94F649E30 /* CleanMacOSApp.swift in Sources */,
				179E822D590C3A03BCF4132C /* Cleaner.swift in Sources */,
				55D09845383469CB506D3E85 /* ContentView.swift in Sources */,
				D27E79EC1251B3A7506D22C4 /* DashboardView.swift in Sources */,
				4DE61E3589D07E845CBC2FF3 /* Models.swift in Sources */,
				82E93883DEBED57BE062E2C0 /* Scanner.swift in Sources */,
				10BB5BA2697E75F5C92A0868 /* SidebarView.swift in Sources */,
				997224C7A3D07647C2EBC8C5 /* SnapshotSection.swift in Sources */,
			);
			runOnlyForDeploymentPostprocessing = 0;
		};
/* End PBXSourcesBuildPhase section */

/* Begin XCBuildConfiguration section */
		1133FADC7F8C8254F413B545 /* Release */ = {
			isa = XCBuildConfiguration;
			buildSettings = {
				ASSETCATALOG_COMPILER_APPICON_NAME = AppIcon;
				COMBINE_HIDPI_IMAGES = YES;
				CURRENT_PROJECT_VERSION = 1;
				GENERATE_INFOPLIST_FILE = YES;
				INFOPLIST_KEY_LSApplicationCategoryType = "public.app-category.utilities";
				LD_RUNPATH_SEARCH_PATHS = (
					"$(inherited)",
					"@executable_path/../Frameworks",
				);
				MARKETING_VERSION = 1.0.0;
				PRODUCT_BUNDLE_IDENTIFIER = com.sarus.CleanMacOS;
				SDKROOT = macosx;
				SWIFT_VERSION = 5.9;
			};
			name = Release;
		};
		12EF25293F45348F0F97B2F5 /* Release */ = {
			isa = XCBuildConfiguration;
			buildSettings = {
				ALWAYS_SEARCH_USER_PATHS = NO;
				CLANG_ANALYZER_NONNULL = YES;
				CLANG_ANALYZER_NUMBER_OBJECT_CONVERSION = YES_AGGRESSIVE;
				CLANG_CXX_LANGUAGE_STANDARD = "gnu++14";
				CLANG_CXX_LIBRARY = "libc++";
				CLANG_ENABLE_MODULES = YES;
				CLANG_ENABLE_OBJC_ARC = YES;
				CLANG_ENABLE_OBJC_WEAK = YES;
				CLANG_WARN_BLOCK_CAPTURE_AUTORELEASING = YES;
				CLANG_WARN_BOOL_CONVERSION = YES;
				CLANG_WARN_COMMA = YES;
				CLANG_WARN_CONSTANT_CONVERSION = YES;
				CLANG_WARN_DEPRECATED_OBJC_IMPLEMENTATIONS = YES;
				CLANG_WARN_DIRECT_OBJC_ISA_USAGE = YES_ERROR;
				CLANG_WARN_DOCUMENTATION_COMMENTS = YES;
				CLANG_WARN_EMPTY_BODY = YES;
				CLANG_WARN_ENUM_CONVERSION = YES;
				CLANG_WARN_INFINITE_RECURSION = YES;
				CLANG_WARN_INT_CONVERSION = YES;
				CLANG_WARN_NON_LITERAL_NULL_CONVERSION = YES;
				CLANG_WARN_OBJC_IMPLICIT_RETAIN_SELF = YES;
				CLANG_WARN_OBJC_LITERAL_CONVERSION = YES;
				CLANG_WARN_OBJC_ROOT_CLASS = YES_ERROR;
				CLANG_WARN_QUOTED_INCLUDE_IN_FRAMEWORK_HEADER = YES;
				CLANG_WARN_RANGE_LOOP_ANALYSIS = YES;
				CLANG_WARN_STRICT_PROTOTYPES = YES;
				CLANG_WARN_SUSPICIOUS_MOVE = YES;
				CLANG_WARN_UNGUARDED_AVAILABILITY = YES_AGGRESSIVE;
				CLANG_WARN_UNREACHABLE_CODE = YES;
				CLANG_WARN__DUPLICATE_METHOD_MATCH = YES;
				COPY_PHASE_STRIP = NO;
				DEBUG_INFORMATION_FORMAT = "dwarf-with-dsym";
				ENABLE_NS_ASSERTIONS = NO;
				ENABLE_STRICT_OBJC_MSGSEND = YES;
				GCC_C_LANGUAGE_STANDARD = gnu11;
				GCC_NO_COMMON_BLOCKS = YES;
				GCC_WARN_64_TO_32_BIT_CONVERSION = YES;
				GCC_WARN_ABOUT_RETURN_TYPE = YES_ERROR;
				GCC_WARN_UNDECLARED_SELECTOR = YES;
				GCC_WARN_UNINITIALIZED_AUTOS = YES_AGGRESSIVE;
				GCC_WARN_UNUSED_FUNCTION = YES;
				GCC_WARN_UNUSED_VARIABLE = YES;
				MACOSX_DEPLOYMENT_TARGET = 14.0;
				MTL_ENABLE_DEBUG_INFO = NO;
				MTL_FAST_MATH = YES;
				PRODUCT_NAME = "$(TARGET_NAME)";
				SDKROOT = macosx;
				SWIFT_COMPILATION_MODE = wholemodule;
				SWIFT_OPTIMIZATION_LEVEL = "-O";
				SWIFT_VERSION = 5.0;
			};
			name = Release;
		};
		34D73C70C21EA8E068A5E459 /* Debug */ = {
			isa = XCBuildConfiguration;
			buildSettings = {
				ASSETCATALOG_COMPILER_APPICON_NAME = AppIcon;
				COMBINE_HIDPI_IMAGES = YES;
				CURRENT_PROJECT_VERSION = 1;
				GENERATE_INFOPLIST_FILE = YES;
				INFOPLIST_KEY_LSApplicationCategoryType = "public.app-category.utilities";
				LD_RUNPATH_SEARCH_PATHS = (
					"$(inherited)",
					"@executable_path/../Frameworks",
				);
				MARKETING_VERSION = 1.0.0;
				PRODUCT_BUNDLE_IDENTIFIER = com.sarus.CleanMacOS;
				SDKROOT = macosx;
				SWIFT_VERSION = 5.9;
			};
			name = Debug;
		};
		5C09219B368A617B520B49B6 /* Debug */ = {
			isa = XCBuildConfiguration;
			buildSettings = {
				ALWAYS_SEARCH_USER_PATHS = NO;
				CLANG_ANALYZER_NONNULL = YES;
				CLANG_ANALYZER_NUMBER_OBJECT_CONVERSION = YES_AGGRESSIVE;
				CLANG_CXX_LANGUAGE_STANDARD = "gnu++14";
				CLANG_CXX_LIBRARY = "libc++";
				CLANG_ENABLE_MODULES = YES;
				CLANG_ENABLE_OBJC_ARC = YES;
				CLANG_ENABLE_OBJC_WEAK = YES;
				CLANG_WARN_BLOCK_CAPTURE_AUTORELEASING = YES;
				CLANG_WARN_BOOL_CONVERSION = YES;
				CLANG_WARN_COMMA = YES;
				CLANG_WARN_CONSTANT_CONVERSION = YES;
				CLANG_WARN_DEPRECATED_OBJC_IMPLEMENTATIONS = YES;
				CLANG_WARN_DIRECT_OBJC_ISA_USAGE = YES_ERROR;
				CLANG_WARN_DOCUMENTATION_COMMENTS = YES;
				CLANG_WARN_EMPTY_BODY = YES;
				CLANG_WARN_ENUM_CONVERSION = YES;
				CLANG_WARN_INFINITE_RECURSION = YES;
				CLANG_WARN_INT_CONVERSION = YES;
				CLANG_WARN_NON_LITERAL_NULL_CONVERSION = YES;
				CLANG_WARN_OBJC_IMPLICIT_RETAIN_SELF = YES;
				CLANG_WARN_OBJC_LITERAL_CONVERSION = YES;
				CLANG_WARN_OBJC_ROOT_CLASS = YES_ERROR;
				CLANG_WARN_QUOTED_INCLUDE_IN_FRAMEWORK_HEADER = YES;
				CLANG_WARN_RANGE_LOOP_ANALYSIS = YES;
				CLANG_WARN_STRICT_PROTOTYPES = YES;
				CLANG_WARN_SUSPICIOUS_MOVE = YES;
				CLANG_WARN_UNGUARDED_AVAILABILITY = YES_AGGRESSIVE;
				CLANG_WARN_UNREACHABLE_CODE = YES;
				CLANG_WARN__DUPLICATE_METHOD_MATCH = YES;
				COPY_PHASE_STRIP = NO;
				DEBUG_INFORMATION_FORMAT = dwarf;
				ENABLE_STRICT_OBJC_MSGSEND = YES;
				ENABLE_TESTABILITY = YES;
				GCC_C_LANGUAGE_STANDARD = gnu11;
				GCC_DYNAMIC_NO_PIC = NO;
				GCC_NO_COMMON_BLOCKS = YES;
				GCC_OPTIMIZATION_LEVEL = 0;
				GCC_PREPROCESSOR_DEFINITIONS = (
					"$(inherited)",
					"DEBUG=1",
				);
				GCC_WARN_64_TO_32_BIT_CONVERSION = YES;
				GCC_WARN_ABOUT_RETURN_TYPE = YES_ERROR;
				GCC_WARN_UNDECLARED_SELECTOR = YES;
				GCC_WARN_UNINITIALIZED_AUTOS = YES_AGGRESSIVE;
				GCC_WARN_UNUSED_FUNCTION = YES;
				GCC_WARN_UNUSED_VARIABLE = YES;
				MACOSX_DEPLOYMENT_TARGET = 14.0;
				MTL_ENABLE_DEBUG_INFO = INCLUDE_SOURCE;
				MTL_FAST_MATH = YES;
				ONLY_ACTIVE_ARCH = YES;
				PRODUCT_NAME = "$(TARGET_NAME)";
				SDKROOT = macosx;
				SWIFT_ACTIVE_COMPILATION_CONDITIONS = DEBUG;
				SWIFT_OPTIMIZATION_LEVEL = "-Onone";
				SWIFT_VERSION = 5.0;
			};
			name = Debug;
		};
/* End XCBuildConfiguration section */

/* Begin XCConfigurationList section */
		163B8E642F36338DB1056EA5 /* Build configuration list for PBXProject "CleanMacOS" */ = {
			isa = XCConfigurationList;
			buildConfigurations = (
				5C09219B368A617B520B49B6 /* Debug */,
				12EF25293F45348F0F97B2F5 /* Release */,
			);
			defaultConfigurationIsVisible = 0;
			defaultConfigurationName = Debug;
		};
		E1956FF384BAE6D2E383CC5E /* Build configuration list for PBXNativeTarget "CleanMacOS" */ = {
			isa = XCConfigurationList;
			buildConfigurations = (
				34D73C70C21EA8E068A5E459 /* Debug */,
				1133FADC7F8C8254F413B545 /* Release */,
			);
			defaultConfigurationIsVisible = 0;
			defaultConfigurationName = Debug;
		};
/* End XCConfigurationList section */
	};
	rootObject = D0DBB501438342C875F7BEC0 /* Project object */;
}
