// !$*UTF8*$!
{
	archiveVersion = 1;
	classes = {
	};
	objectVersion = 77;
	objects = {

/* Begin PBXBuildFile section */
		10BB5BA2697E75F5C92A0868 /* SidebarView.swift in Sources */ = {isa = PBXBuildFile; fileRef = 3A1479088579DC6E2A293A68 /* SidebarView.swift */; };
		15251D9BC4DF543DCD8A403E /* PermissionView.swift in Sources */ = {isa = PBXBuildFile; fileRef = BC661B5A58FE8B57EF1C939C /* PermissionView.swift */; };
		179E822D590C3A03BCF4132C /* Cleaner.swift in Sources */ = {isa = PBXBuildFile; fileRef = 8B132021AA2508B2000D6D63 /* Cleaner.swift */; };
		1D6A04FACE24BC65DB42E6BE /* Assets.xcassets in Resources */ = {isa = PBXBuildFile; fileRef = 4A0A95590228EC533FD37160 /* Assets.xcassets */; };
		3869FF6969D2F5E7A44FDD87 /* ArtifactTableView.swift in Sources */ = {isa = PBXBuildFile; fileRef = 44805A604CACFED574E48F5C /* ArtifactTableView.swift */; };
		4DE61E3589D07E845CBC2FF3 /* Models.swift in Sources */ = {isa = PBXBuildFile; fileRef = CA9E35C7D8B82601564C5468 /* Models.swift */; };
		55D09845383469CB506D3E85 /* ContentView.swift in Sources */ = {isa = PBXBuildFile; fileRef = 13997B35568795BEA3BF3A64 /* ContentView.swift */; };
		629F8B98ECF1850CAF10B28F /* AboutView.swift in Sources */ = {isa = PBXBuildFile; fileRef = F50E79083A48396AD0651E87 /* AboutView.swift */; };
		7BA19101C45ED46BA88C75C2 /* MenuBarController.swift in Sources */ = {isa = PBXBuildFile; fileRef = 5A993B1ADB912A796AE468D9 /* MenuBarController.swift */; };
		82E93883DEBED57BE062E2C0 /* Scanner.swift in Sources */ = {isa = PBXBuildFile; fileRef = 0BB4842D79D5443DE4383C38 /* Scanner.swift */; };
		879BF88DEA1C98DBB92D6264 /* Sparkle in Frameworks */ = {isa = PBXBuildFile; productRef = 84D76118D8D7A26DB9A6EDE1 /* Sparkle */; };
		96742BBF577C2662A06127C9 /* AppViewModel.swift in Sources */ = {isa = PBXBuildFile; fileRef = 0CE374CA5CC2E8CA8FE9BB73 /* AppViewModel.swift */; };
		997224C7A3D07647C2EBC8C5 /* SnapshotSection.swift in Sources */ = {isa = PBXBuildFile; fileRef = 3554E40130351545D52C837D /* SnapshotSection.swift */; };
		9FB7AC07F1831FD94F649E30 /* CleanMacOSApp.swift in Sources */ = {isa = PBXBuildFile; fileRef = E7CB583C51545CB2D5649473 /* CleanMacOSApp.swift */; };
		BC3CC10E02C22920507972BB /* UpdaterViewModel.swift in Sources */ = {isa = PBXBuildFile; fileRef = 6961B68D8844C43ABA231FF8 /* UpdaterViewModel.swift */; };
		D27E79EC1251B3A7506D22C4 /* DashboardView.swift in Sources */ = {isa = PBXBuildFile; fileRef = F65E738A5F0EF1106FF98BA1 /* DashboardView.swift */; };
		EB2804A3FF935E9CF1A4AE3F /* SystemMonitor.swift in Sources */ = {isa = PBXBuildFile; fileRef = 146D7CD67B5D337110ABE8C9 /* SystemMonitor.swift */; };
		F25497E5A5FCBDEB50858F3C /* SettingsView.swift in Sources */ = {isa = PBXBuildFile; fileRef = 185CCDDE3D43CD6FEF6FDA72 /* SettingsView.swift */; };
		FABD8B68B191996B3BAEB7E5 /* MenuBarView.swift in Sources */ = {isa = PBXBuildFile; fileRef = FAAA08ABC4C4FD3834BA928F /* MenuBarView.swift */; };
/* End PBXBuildFile section */

/* Begin PBXFileReference section */
		0BB4842D79D5443DE4383C38 /* Scanner.swift */ = {isa = PBXFileReference; lastKnownFileType = sourcecode.swift; path = Scanner.swift; sourceTree = "<group>"; };
		0CE374CA5CC2E8CA8FE9BB73 /* AppViewModel.swift */ = {isa = PBXFileReference; lastKnownFileType = sourcecode.swift; path = AppViewModel.swift; sourceTree = "<group>"; };
		13997B35568795BEA3BF3A64 /* ContentView.swift */ = {isa = PBXFileReference; lastKnownFileType = sourcecode.swift; path = ContentView.swift; sourceTree = "<group>"; };
		146D7CD67B5D337110ABE8C9 /* SystemMonitor.swift */ = {isa = PBXFileReference; lastKnownFileType = sourcecode.swift; path = SystemMonitor.swift; sourceTree = "<group>"; };
		185CCDDE3D43CD6FEF6FDA72 /* SettingsView.swift */ = {isa = PBXFileReference; lastKnownFileType = sourcecode.swift; path = SettingsView.swift; sourceTree = "<group>"; };
		3554E40130351545D52C837D /* SnapshotSection.swift */ = {isa = PBXFileReference; lastKnownFileType = sourcecode.swift; path = SnapshotSection.swift; sourceTree = "<group>"; };
		3A1479088579DC6E2A293A68 /* SidebarView.swift */ = {isa = PBXFileReference; lastKnownFileType = sourcecode.swift; path = SidebarView.swift; sourceTree = "<group>"; };
		44805A604CACFED574E48F5C /* ArtifactTableView.swift */ = {isa = PBXFileReference; lastKnownFileType = sourcecode.swift; path = ArtifactTableView.swift; sourceTree = "<group>"; };
		4A0A95590228EC533FD37160 /* Assets.xcassets */ = {isa = PBXFileReference; lastKnownFileType = folder.assetcatalog; path = Assets.xcassets; sourceTree = "<group>"; };
		5A993B1ADB912A796AE468D9 /* MenuBarController.swift */ = {isa = PBXFileReference; lastKnownFileType = sourcecode.swift; path = MenuBarController.swift; sourceTree = "<group>"; };
		6961B68D8844C43ABA231FF8 /* UpdaterViewModel.swift */ = {isa = PBXFileReference; lastKnownFileType = sourcecode.swift; path = UpdaterViewModel.swift; sourceTree = "<group>"; };
		8B132021AA2508B2000D6D63 /* Cleaner.swift */ = {isa = PBXFileReference; lastKnownFileType = sourcecode.swift; path = Cleaner.swift; sourceTree = "<group>"; };
		AEF83F7B546B77C747BCA698 /* CleanMacOS.app */ = {isa = PBXFileReference; explicitFileType = wrapper.application; includeInIndex = 0; path = CleanMacOS.app; sourceTree = BUILT_PRODUCTS_DIR; };
		BC661B5A58FE8B57EF1C939C /* PermissionView.swift */ = {isa = PBXFileReference; lastKnownFileType = sourcecode.swift; path = PermissionView.swift; sourceTree = "<group>"; };
		CA9E35C7D8B82601564C5468 /* Models.swift */ = {isa = PBXFileReference; lastKnownFileType = sourcecode.swift; path = Models.swift; sourceTree = "<group>"; };
		E7CB583C51545CB2D5649473 /* CleanMacOSApp.swift */ = {isa = PBXFileReference; lastKnownFileType = sourcecode.swift; path = CleanMacOSApp.swift; sourceTree = "<group>"; };
		F50E79083A48396AD0651E87 /* AboutView.swift */ = {isa = PBXFileReference; lastKnownFileType = sourcecode.swift; path = AboutView.swift; sourceTree = "<group>"; };
		F65E738A5F0EF1106FF98BA1 /* DashboardView.swift */ = {isa = PBXFileReference; lastKnownFileType = sourcecode.swift; path = DashboardView.swift; sourceTree = "<group>"; };
		FAAA08ABC4C4FD3834BA928F /* MenuBarView.swift */ = {isa = PBXFileReference; lastKnownFileType = sourcecode.swift; path = MenuBarView.swift; sourceTree = "<group>"; };
/* End PBXFileReference section */

/* Begin PBXFrameworksBuildPhase section */
		10380C73B4BE56517D84B9DC /* Frameworks */ = {
			isa = PBXFrameworksBuildPhase;
			buildActionMask = 2147483647;
			files = (
				879BF88DEA1C98DBB92D6264 /* Sparkle in Frameworks */,
			);
			runOnlyForDeploymentPostprocessing = 0;
		};
/* End PBXFrameworksBuildPhase section */

/* Begin PBXGroup section */
		51F124002EDB5F5950CF26E4 /* Products */ = {
			isa = PBXGroup;
			children = (
				AEF83F7B546B77C747BCA698 /* CleanMacOS.app */,
			);
			name = Products;
			sourceTree = "<group>";
		};
		5B2F1140177E01602353B9C0 /* Sources */ = {
			isa = PBXGroup;
			children = (
				F50E79083A48396AD0651E87 /* AboutView.swift */,
				0CE374CA5CC2E8CA8FE9BB73 /* AppViewModel.swift */,
				44805A604CACFED574E48F5C /* ArtifactTableView.swift */,
				4A0A95590228EC533FD37160 /* Assets.xcassets */,
				8B132021AA2508B2000D6D63 /* Cleaner.swift */,
				E7CB583C51545CB2D5649473 /* CleanMacOSApp.swift */,
				13997B35568795BEA3BF3A64 /* ContentView.swift */,
				F65E738A5F0EF1106FF98BA1 /* DashboardView.swift */,
				5A993B1ADB912A796AE468D9 /* MenuBarController.swift */,
				FAAA08ABC4C4FD3834BA928F /* MenuBarView.swift */,
				CA9E35C7D8B82601564C5468 /* Models.swift */,
				BC661B5A58FE8B57EF1C939C /* PermissionView.swift */,
				0BB4842D79D5443DE4383C38 /* Scanner.swift */,
				185CCDDE3D43CD6FEF6FDA72 /* SettingsView.swift */,
				3A1479088579DC6E2A293A68 /* SidebarView.swift */,
				3554E40130351545D52C837D /* SnapshotSection.swift */,
				146D7CD67B5D337110ABE8C9 /* SystemMonitor.swift */,
				6961B68D8844C43ABA231FF8 /* UpdaterViewModel.swift */,
			);
			path = Sources;
			sourceTree = "<group>";
		};
		6D596C009A804A5132EDB6C8 = {
			isa = PBXGroup;
			children = (
				5B2F1140177E01602353B9C0 /* Sources */,
				51F124002EDB5F5950CF26E4 /* Products */,
			);
			sourceTree = "<group>";
		};
/* End PBXGroup section */

/* Begin PBXNativeTarget section */
		C42A7C44813CACE30DEAC500 /* CleanMacOS */ = {
			isa = PBXNativeTarget;
			buildConfigurationList = E1956FF384BAE6D2E383CC5E /* Build configuration list for PBXNativeTarget "CleanMacOS" */;
			buildPhases = (
				A5E98FCFB08CD558FDDA15D9 /* Sources */,
				882D271F9709A70C7C10B79D /* Resources */,
				10380C73B4BE56517D84B9DC /* Frameworks */,
			);
			buildRules = (
			);
			dependencies = (
			);
			name = CleanMacOS;
			packageProductDependencies = (
				84D76118D8D7A26DB9A6EDE1 /* Sparkle */,
			);
			productName = CleanMacOS;
			productReference = AEF83F7B546B77C747BCA698 /* CleanMacOS.app */;
			productType = "com.apple.product-type.application";
		};
/* End PBXNativeTarget section */

/* Begin PBXProject section */
		D0DBB501438342C875F7BEC0 /* Project object */ = {
			isa = PBXProject;
			attributes = {
				BuildIndependentTargetsInParallel = YES;
				LastUpgradeCheck = 1600;
				TargetAttributes = {
				};
			};
			buildConfigurationList = 163B8E642F36338DB1056EA5 /* Build configuration list for PBXProject "CleanMacOS" */;
			developmentRegion = en;
			hasScannedForEncodings = 0;
			knownRegions = (
				Base,
				en,
			);
			mainGroup = 6D596C009A804A5132EDB6C8;
			minimizedProjectReferenceProxies = 1;
			packageReferences = (
				1CD51A1BAE8AEE831B8ED243 /* XCRemoteSwiftPackageReference "Sparkle" */,
			);
			preferredProjectObjectVersion = 77;
			productRefGroup = 51F124002EDB5F5950CF26E4 /* Products */;
			projectDirPath = "";
			projectRoot = "";
			targets = (
				C42A7C44813CACE30DEAC500 /* CleanMacOS */,
			);
		};
/* End PBXProject section */

/* Begin PBXResourcesBuildPhase section */
		882D271F9709A70C7C10B79D /* Resources */ = {
			isa = PBXResourcesBuildPhase;
			buildActionMask = 2147483647;
			files = (
				1D6A04FACE24BC65DB42E6BE /* Assets.xcassets in Resources */,
			);
			runOnlyForDeploymentPostprocessing = 0;
		};
/* End PBXResourcesBuildPhase section */

/* Begin PBXSourcesBuildPhase section */
		A5E98FCFB08CD558FDDA15D9 /* Sources */ = {
			isa = PBXSourcesBuildPhase;
			buildActionMask = 2147483647;
			files = (
				629F8B98ECF1850CAF10B28F /* AboutView.swift in Sources */,
				96742BBF577C2662A06127C9 /* AppViewModel.swift in Sources */,
				3869FF6969D2F5E7A44FDD87 /* ArtifactTableView.swift in Sources */,
				9FB7AC07F1831FD94F649E30 /* CleanMacOSApp.swift in Sources */,
				179E822D590C3A03BCF4132C /* Cleaner.swift in Sources */,
				55D09845383469CB506D3E85 /* ContentView.swift in Sources */,
				D27E79EC1251B3A7506D22C4 /* DashboardView.swift in Sources */,
				7BA19101C45ED46BA88C75C2 /* MenuBarController.swift in Sources */,
				FABD8B68B191996B3BAEB7E5 /* MenuBarView.swift in Sources */,
				4DE61E3589D07E845CBC2FF3 /* Models.swift in Sources */,
				15251D9BC4DF543DCD8A403E /* PermissionView.swift in Sources */,
				82E93883DEBED57BE062E2C0 /* Scanner.swift in Sources */,
				F25497E5A5FCBDEB50858F3C /* SettingsView.swift in Sources */,
				10BB5BA2697E75F5C92A0868 /* SidebarView.swift in Sources */,
				997224C7A3D07647C2EBC8C5 /* SnapshotSection.swift in Sources */,
				EB2804A3FF935E9CF1A4AE3F /* SystemMonitor.swift in Sources */,
				BC3CC10E02C22920507972BB /* UpdaterViewModel.swift in Sources */,
			);
			runOnlyForDeploymentPostprocessing = 0;
		};
/* End PBXSourcesBuildPhase section */

/* Begin XCBuildConfiguration section */
		1133FADC7F8C8254F413B545 /* Release */ = {
			isa = XCBuildConfiguration;
			buildSettings = {
				ASSETCATALOG_COMPILER_APPICON_NAME = AppIcon;
				COMBINE_HIDPI_IMAGES = YES;
				CURRENT_PROJECT_VERSION = 1;
				GENERATE_INFOPLIST_FILE = YES;
				INFOPLIST_KEY_LSApplicationCategoryType = "public.app-category.utilities";
				LD_RUNPATH_SEARCH_PATHS = (
					"$(inherited)",
					"@executable_path/../Frameworks",
				);
				MARKETING_VERSION = 1.0.0;
				PRODUCT_BUNDLE_IDENTIFIER = click.ngoctruong.CleanMacOS;
				SDKROOT = macosx;
				SWIFT_VERSION = 5.9;
			};
			name = Release;
		};
		12EF25293F45348F0F97B2F5 /* Release */ = {
			isa = XCBuildConfiguration;
			buildSettings = {
				ALWAYS_SEARCH_USER_PATHS = NO;
				CLANG_ANALYZER_NONNULL = YES;
				CLANG_ANALYZER_NUMBER_OBJECT_CONVERSION = YES_AGGRESSIVE;
				CLANG_CXX_LANGUAGE_STANDARD = "gnu++14";
				CLANG_CXX_LIBRARY = "libc++";
				CLANG_ENABLE_MODULES = YES;
				CLANG_ENABLE_OBJC_ARC = YES;
				CLANG_ENABLE_OBJC_WEAK = YES;
				CLANG_WARN_BLOCK_CAPTURE_AUTORELEASING = YES;
				CLANG_WARN_BOOL_CONVERSION = YES;
				CLANG_WARN_COMMA = YES;
				CLANG_WARN_CONSTANT_CONVERSION = YES;
				CLANG_WARN_DEPRECATED_OBJC_IMPLEMENTATIONS = YES;
				CLANG_WARN_DIRECT_OBJC_ISA_USAGE = YES_ERROR;
				CLANG_WARN_DOCUMENTATION_COMMENTS = YES;
				CLANG_WARN_EMPTY_BODY = YES;
				CLANG_WARN_ENUM_CONVERSION = YES;
				CLANG_WARN_INFINITE_RECURSION = YES;
				CLANG_WARN_INT_CONVERSION = YES;
				CLANG_WARN_NON_LITERAL_NULL_CONVERSION = YES;
				CLANG_WARN_OBJC_IMPLICIT_RETAIN_SELF = YES;
				CLANG_WARN_OBJC_LITERAL_CONVERSION = YES;
				CLANG_WARN_OBJC_ROOT_CLASS = YES_ERROR;
				CLANG_WARN_QUOTED_INCLUDE_IN_FRAMEWORK_HEADER = YES;
				CLANG_WARN_RANGE_LOOP_ANALYSIS = YES;
				CLANG_WARN_STRICT_PROTOTYPES = YES;
				CLANG_WARN_SUSPICIOUS_MOVE = YES;
				CLANG_WARN_UNGUARDED_AVAILABILITY = YES_AGGRESSIVE;
				CLANG_WARN_UNREACHABLE_CODE = YES;
				CLANG_WARN__DUPLICATE_METHOD_MATCH = YES;
				COPY_PHASE_STRIP = NO;
				DEBUG_INFORMATION_FORMAT = "dwarf-with-dsym";
				ENABLE_NS_ASSERTIONS = NO;
				ENABLE_STRICT_OBJC_MSGSEND = YES;
				GCC_C_LANGUAGE_STANDARD = gnu11;
				GCC_NO_COMMON_BLOCKS = YES;
				GCC_WARN_64_TO_32_BIT_CONVERSION = YES;
				GCC_WARN_ABOUT_RETURN_TYPE = YES_ERROR;
				GCC_WARN_UNDECLARED_SELECTOR = YES;
				GCC_WARN_UNINITIALIZED_AUTOS = YES_AGGRESSIVE;
				GCC_WARN_UNUSED_FUNCTION = YES;
				GCC_WARN_UNUSED_VARIABLE = YES;
				MACOSX_DEPLOYMENT_TARGET = 14.0;
				MTL_ENABLE_DEBUG_INFO = NO;
				MTL_FAST_MATH = YES;
				PRODUCT_NAME = "$(TARGET_NAME)";
				SDKROOT = macosx;
				SWIFT_COMPILATION_MODE = wholemodule;
				SWIFT_OPTIMIZATION_LEVEL = "-O";
				SWIFT_VERSION = 5.0;
			};
			name = Release;
		};
		34D73C70C21EA8E068A5E459 /* Debug */ = {
			isa = XCBuildConfiguration;
			buildSettings = {
				ASSETCATALOG_COMPILER_APPICON_NAME = AppIcon;
				COMBINE_HIDPI_IMAGES = YES;
				CURRENT_PROJECT_VERSION = 1;
				GENERATE_INFOPLIST_FILE = YES;
				INFOPLIST_KEY_LSApplicationCategoryType = "public.app-category.utilities";
				LD_RUNPATH_SEARCH_PATHS = (
					"$(inherited)",
					"@executable_path/../Frameworks",
				);
				MARKETING_VERSION = 1.0.0;
				PRODUCT_BUNDLE_IDENTIFIER = click.ngoctruong.CleanMacOS;
				SDKROOT = macosx;
				SWIFT_VERSION = 5.9;
			};
			name = Debug;
		};
		5C09219B368A617B520B49B6 /* Debug */ = {
			isa = XCBuildConfiguration;
			buildSettings = {
				ALWAYS_SEARCH_USER_PATHS = NO;
				CLANG_ANALYZER_NONNULL = YES;
				CLANG_ANALYZER_NUMBER_OBJECT_CONVERSION = YES_AGGRESSIVE;
				CLANG_CXX_LANGUAGE_STANDARD = "gnu++14";
				CLANG_CXX_LIBRARY = "libc++";
				CLANG_ENABLE_MODULES = YES;
				CLANG_ENABLE_OBJC_ARC = YES;
				CLANG_ENABLE_OBJC_WEAK = YES;
				CLANG_WARN_BLOCK_CAPTURE_AUTORELEASING = YES;
				CLANG_WARN_BOOL_CONVERSION = YES;
				CLANG_WARN_COMMA = YES;
				CLANG_WARN_CONSTANT_CONVERSION = YES;
				CLANG_WARN_DEPRECATED_OBJC_IMPLEMENTATIONS = YES;
				CLANG_WARN_DIRECT_OBJC_ISA_USAGE = YES_ERROR;
				CLANG_WARN_DOCUMENTATION_COMMENTS = YES;
				CLANG_WARN_EMPTY_BODY = YES;
				CLANG_WARN_ENUM_CONVERSION = YES;
				CLANG_WARN_INFINITE_RECURSION = YES;
				CLANG_WARN_INT_CONVERSION = YES;
				CLANG_WARN_NON_LITERAL_NULL_CONVERSION = YES;
				CLANG_WARN_OBJC_IMPLICIT_RETAIN_SELF = YES;
				CLANG_WARN_OBJC_LITERAL_CONVERSION = YES;
				CLANG_WARN_OBJC_ROOT_CLASS = YES_ERROR;
				CLANG_WARN_QUOTED_INCLUDE_IN_FRAMEWORK_HEADER = YES;
				CLANG_WARN_RANGE_LOOP_ANALYSIS = YES;
				CLANG_WARN_STRICT_PROTOTYPES = YES;
				CLANG_WARN_SUSPICIOUS_MOVE = YES;
				CLANG_WARN_UNGUARDED_AVAILABILITY = YES_AGGRESSIVE;
				CLANG_WARN_UNREACHABLE_CODE = YES;
				CLANG_WARN__DUPLICATE_METHOD_MATCH = YES;
				COPY_PHASE_STRIP = NO;
				DEBUG_INFORMATION_FORMAT = dwarf;
				ENABLE_STRICT_OBJC_MSGSEND = YES;
				ENABLE_TESTABILITY = YES;
				GCC_C_LANGUAGE_STANDARD = gnu11;
				GCC_DYNAMIC_NO_PIC = NO;
				GCC_NO_COMMON_BLOCKS = YES;
				GCC_OPTIMIZATION_LEVEL = 0;
				GCC_PREPROCESSOR_DEFINITIONS = (
					"$(inherited)",
					"DEBUG=1",
				);
				GCC_WARN_64_TO_32_BIT_CONVERSION = YES;
				GCC_WARN_ABOUT_RETURN_TYPE = YES_ERROR;
				GCC_WARN_UNDECLARED_SELECTOR = YES;
				GCC_WARN_UNINITIALIZED_AUTOS = YES_AGGRESSIVE;
				GCC_WARN_UNUSED_FUNCTION = YES;
				GCC_WARN_UNUSED_VARIABLE = YES;
				MACOSX_DEPLOYMENT_TARGET = 14.0;
				MTL_ENABLE_DEBUG_INFO = INCLUDE_SOURCE;
				MTL_FAST_MATH = YES;
				ONLY_ACTIVE_ARCH = YES;
				PRODUCT_NAME = "$(TARGET_NAME)";
				SDKROOT = macosx;
				SWIFT_ACTIVE_COMPILATION_CONDITIONS = DEBUG;
				SWIFT_OPTIMIZATION_LEVEL = "-Onone";
				SWIFT_VERSION = 5.0;
			};
			name = Debug;
		};
/* End XCBuildConfiguration section */

/* Begin XCConfigurationList section */
		163B8E642F36338DB1056EA5 /* Build configuration list for PBXProject "CleanMacOS" */ = {
			isa = XCConfigurationList;
			buildConfigurations = (
				5C09219B368A617B520B49B6 /* Debug */,
				12EF25293F45348F0F97B2F5 /* Release */,
			);
			defaultConfigurationIsVisible = 0;
			defaultConfigurationName = Debug;
		};
		E1956FF384BAE6D2E383CC5E /* Build configuration list for PBXNativeTarget "CleanMacOS" */ = {
			isa = XCConfigurationList;
			buildConfigurations = (
				34D73C70C21EA8E068A5E459 /* Debug */,
				1133FADC7F8C8254F413B545 /* Release */,
			);
			defaultConfigurationIsVisible = 0;
			defaultConfigurationName = Debug;
		};
/* End XCConfigurationList section */

/* Begin XCRemoteSwiftPackageReference section */
		1CD51A1BAE8AEE831B8ED243 /* XCRemoteSwiftPackageReference "Sparkle" */ = {
			isa = XCRemoteSwiftPackageReference;
			repositoryURL = "https://github.com/sparkle-project/Sparkle";
			requirement = {
				kind = upToNextMajorVersion;
				minimumVersion = 2.6.0;
			};
		};
/* End XCRemoteSwiftPackageReference section */

/* Begin XCSwiftPackageProductDependency section */
		84D76118D8D7A26DB9A6EDE1 /* Sparkle */ = {
			isa = XCSwiftPackageProductDependency;
			package = 1CD51A1BAE8AEE831B8ED243 /* XCRemoteSwiftPackageReference "Sparkle" */;
			productName = Sparkle;
		};
/* End XCSwiftPackageProductDependency section */
	};
	rootObject = D0DBB501438342C875F7BEC0 /* Project object */;
}
